
Microsoft Visual Studio Solution File, Format Version 12.00
# Visual Studio Version 17
VisualStudioVersion = 17.0.32014.148
MinimumVisualStudioVersion = 10.0.40219.1
Project("{FAE04EC0-301F-11D3-BF4B-00C04F79EFBC}") = "RezolvareHalfYearThing", "RezolvareHalfYearThing\RezolvareHalfYearThing.csproj", "{0058CC3E-F16A-4D9A-AC95-1C5D0455B829}"
EndProject
Project("{FAE04EC0-301F-11D3-BF4B-00C04F79EFBC}") = "Random", "Random\Random.csproj", "{FF2D68D3-DAEC-4DA7-94BC-4E3EABD8BAD4}"
EndProject
Project("{FAE04EC0-301F-11D3-BF4B-00C04F79EFBC}") = "Problema4", "Problema4\Problema4.csproj", "{26614101-CD4C-430D-9F0A-F9E8155C9CDD}"
EndProject
Global
	GlobalSection(SolutionConfigurationPlatforms) = preSolution
		Debug|Any CPU = Debug|Any CPU
		Release|Any CPU = Release|Any CPU
	EndGlobalSection
	GlobalSection(ProjectConfigurationPlatforms) = postSolution
		{0058CC3E-F16A-4D9A-AC95-1C5D0455B829}.Debug|Any CPU.ActiveCfg = Debug|Any CPU
		{0058CC3E-F16A-4D9A-AC95-1C5D0455B829}.Debug|Any CPU.Build.0 = Debug|Any CPU
		{0058CC3E-F16A-4D9A-AC95-1C5D0455B829}.Release|Any CPU.ActiveCfg = Release|Any CPU
		{0058CC3E-F16A-4D9A-AC95-1C5D0455B829}.Release|Any CPU.Build.0 = Release|Any CPU
		{FF2D68D3-DAEC-4DA7-94BC-4E3EABD8BAD4}.Debug|Any CPU.ActiveCfg = Debug|Any CPU
		{FF2D68D3-DAEC-4DA7-94BC-4E3EABD8BAD4}.Debug|Any CPU.Build.0 = Debug|Any CPU
		{FF2D68D3-DAEC-4DA7-94BC-4E3EABD8BAD4}.Release|Any CPU.ActiveCfg = Release|Any CPU
		{FF2D68D3-DAEC-4DA7-94BC-4E3EABD8BAD4}.Release|Any CPU.Build.0 = Release|Any CPU
		{26614101-CD4C-430D-9F0A-F9E8155C9CDD}.Debug|Any CPU.ActiveCfg = Debug|Any CPU
		{26614101-CD4C-430D-9F0A-F9E8155C9CDD}.Debug|Any CPU.Build.0 = Debug|Any CPU
		{26614101-CD4C-430D-9F0A-F9E8155C9CDD}.Release|Any CPU.ActiveCfg = Release|Any CPU
		{26614101-CD4C-430D-9F0A-F9E8155C9CDD}.Release|Any CPU.Build.0 = Release|Any CPU
	EndGlobalSection
	GlobalSection(SolutionProperties) = preSolution
		HideSolutionNode = FALSE
	EndGlobalSection
	GlobalSection(ExtensibilityGlobals) = postSolution
		SolutionGuid = {49C8715A-94E8-4F0D-9145-91009C72A004}
	EndGlobalSection
EndGlobal
